// !$*UTF8*$!
{
	archiveVersion = 1;
	classes = {
	};
	objectVersion = 52;
	objects = {

/* Begin PBXBuildFile section */
		6F13FF31235F2B980040461A /* TestView.swift in Sources */ = {isa = PBXBuildFile; fileRef = 6F13FF30235F2B980040461A /* TestView.swift */; };
		6F9ABDF4235F31AE00F457AD /* ButtonView.swift in Sources */ = {isa = PBXBuildFile; fileRef = 6F9ABDF3235F31AE00F457AD /* ButtonView.swift */; };
		6F9B940D234627B500A737A9 /* AppDelegate.swift in Sources */ = {isa = PBXBuildFile; fileRef = 6F9B940C234627B500A737A9 /* AppDelegate.swift */; };
		6F9B940F234627B500A737A9 /* SceneDelegate.swift in Sources */ = {isa = PBXBuildFile; fileRef = 6F9B940E234627B500A737A9 /* SceneDelegate.swift */; };
		6F9B9411234627B500A737A9 /* ContentView.swift in Sources */ = {isa = PBXBuildFile; fileRef = 6F9B9410234627B500A737A9 /* ContentView.swift */; };
		6F9B9413234627BC00A737A9 /* Assets.xcassets in Resources */ = {isa = PBXBuildFile; fileRef = 6F9B9412234627BC00A737A9 /* Assets.xcassets */; };
		6F9B9416234627BC00A737A9 /* Preview Assets.xcassets in Resources */ = {isa = PBXBuildFile; fileRef = 6F9B9415234627BC00A737A9 /* Preview Assets.xcassets */; };
		6F9B9419234627BC00A737A9 /* LaunchScreen.storyboard in Resources */ = {isa = PBXBuildFile; fileRef = 6F9B9417234627BC00A737A9 /* LaunchScreen.storyboard */; };
		6F9B9424234627BC00A737A9 /* PracticeSwiftUITests.swift in Sources */ = {isa = PBXBuildFile; fileRef = 6F9B9423234627BC00A737A9 /* PracticeSwiftUITests.swift */; };
		6F9B942F234627BC00A737A9 /* PracticeSwiftUIUITests.swift in Sources */ = {isa = PBXBuildFile; fileRef = 6F9B942E234627BC00A737A9 /* PracticeSwiftUIUITests.swift */; };
		6FF9A5012361D3FA009F7DEE /* CustomSheetView.swift in Sources */ = {isa = PBXBuildFile; fileRef = 6FF9A5002361D3F9009F7DEE /* CustomSheetView.swift */; };
/* End PBXBuildFile section */

/* Begin PBXContainerItemProxy section */
		6F9B9420234627BC00A737A9 /* PBXContainerItemProxy */ = {
			isa = PBXContainerItemProxy;
			containerPortal = 6F9B9401234627B400A737A9 /* Project object */;
			proxyType = 1;
			remoteGlobalIDString = 6F9B9408234627B500A737A9;
			remoteInfo = PracticeSwiftUI;
		};
		6F9B942B234627BC00A737A9 /* PBXContainerItemProxy */ = {
			isa = PBXContainerItemProxy;
			containerPortal = 6F9B9401234627B400A737A9 /* Project object */;
			proxyType = 1;
			remoteGlobalIDString = 6F9B9408234627B500A737A9;
			remoteInfo = PracticeSwiftUI;
		};
/* End PBXContainerItemProxy section */

/* Begin PBXFileReference section */
		6F13FF30235F2B980040461A /* TestView.swift */ = {isa = PBXFileReference; lastKnownFileType = sourcecode.swift; path = TestView.swift; sourceTree = "<group>"; };
		6F9ABDF3235F31AE00F457AD /* ButtonView.swift */ = {isa = PBXFileReference; lastKnownFileType = sourcecode.swift; path = ButtonView.swift; sourceTree = "<group>"; };
		6F9B9409234627B500A737A9 /* PracticeSwiftUI.app */ = {isa = PBXFileReference; explicitFileType = wrapper.application; includeInIndex = 0; path = PracticeSwiftUI.app; sourceTree = BUILT_PRODUCTS_DIR; };
		6F9B940C234627B500A737A9 /* AppDelegate.swift */ = {isa = PBXFileReference; lastKnownFileType = sourcecode.swift; path = AppDelegate.swift; sourceTree = "<group>"; };
		6F9B940E234627B500A737A9 /* SceneDelegate.swift */ = {isa = PBXFileReference; lastKnownFileType = sourcecode.swift; path = SceneDelegate.swift; sourceTree = "<group>"; };
		6F9B9410234627B500A737A9 /* ContentView.swift */ = {isa = PBXFileReference; lastKnownFileType = sourcecode.swift; path = ContentView.swift; sourceTree = "<group>"; };
		6F9B9412234627BC00A737A9 /* Assets.xcassets */ = {isa = PBXFileReference; lastKnownFileType = folder.assetcatalog; path = Assets.xcassets; sourceTree = "<group>"; };
		6F9B9415234627BC00A737A9 /* Preview Assets.xcassets */ = {isa = PBXFileReference; lastKnownFileType = folder.assetcatalog; path = "Preview Assets.xcassets"; sourceTree = "<group>"; };
		6F9B9418234627BC00A737A9 /* Base */ = {isa = PBXFileReference; lastKnownFileType = file.storyboard; name = Base; path = Base.lproj/LaunchScreen.storyboard; sourceTree = "<group>"; };
		6F9B941A234627BC00A737A9 /* Info.plist */ = {isa = PBXFileReference; lastKnownFileType = text.plist.xml; path = Info.plist; sourceTree = "<group>"; };
		6F9B941F234627BC00A737A9 /* PracticeSwiftUITests.xctest */ = {isa = PBXFileReference; explicitFileType = wrapper.cfbundle; includeInIndex = 0; path = PracticeSwiftUITests.xctest; sourceTree = BUILT_PRODUCTS_DIR; };
		6F9B9423234627BC00A737A9 /* PracticeSwiftUITests.swift */ = {isa = PBXFileReference; lastKnownFileType = sourcecode.swift; path = PracticeSwiftUITests.swift; sourceTree = "<group>"; };
		6F9B9425234627BC00A737A9 /* Info.plist */ = {isa = PBXFileReference; lastKnownFileType = text.plist.xml; path = Info.plist; sourceTree = "<group>"; };
		6F9B942A234627BC00A737A9 /* PracticeSwiftUIUITests.xctest */ = {isa = PBXFileReference; explicitFileType = wrapper.cfbundle; includeInIndex = 0; path = PracticeSwiftUIUITests.xctest; sourceTree = BUILT_PRODUCTS_DIR; };
		6F9B942E234627BC00A737A9 /* PracticeSwiftUIUITests.swift */ = {isa = PBXFileReference; lastKnownFileType = sourcecode.swift; path = PracticeSwiftUIUITests.swift; sourceTree = "<group>"; };
		6F9B9430234627BC00A737A9 /* Info.plist */ = {isa = PBXFileReference; lastKnownFileType = text.plist.xml; path = Info.plist; sourceTree = "<group>"; };
		6FF9A5002361D3F9009F7DEE /* CustomSheetView.swift */ = {isa = PBXFileReference; lastKnownFileType = sourcecode.swift; path = CustomSheetView.swift; sourceTree = "<group>"; };
/* End PBXFileReference section */

/* Begin PBXFrameworksBuildPhase section */
		6F9B9406234627B500A737A9 /* Frameworks */ = {
			isa = PBXFrameworksBuildPhase;
			buildActionMask = 2147483647;
			files = (
			);
			runOnlyForDeploymentPostprocessing = 0;
		};
		6F9B941C234627BC00A737A9 /* Frameworks */ = {
			isa = PBXFrameworksBuildPhase;
			buildActionMask = 2147483647;
			files = (
			);
			runOnlyForDeploymentPostprocessing = 0;
		};
		6F9B9427234627BC00A737A9 /* Frameworks */ = {
			isa = PBXFrameworksBuildPhase;
			buildActionMask = 2147483647;
			files = (
			);
			runOnlyForDeploymentPostprocessing = 0;
		};
/* End PBXFrameworksBuildPhase section */

/* Begin PBXGroup section */
		6F13FF2F235F2B650040461A /* View */ = {
			isa = PBXGroup;
			children = (
				6F9B9410234627B500A737A9 /* ContentView.swift */,
				6F9ABDF3235F31AE00F457AD /* ButtonView.swift */,
				6F13FF30235F2B980040461A /* TestView.swift */,
				6FF9A5002361D3F9009F7DEE /* CustomSheetView.swift */,
			);
			path = View;
			sourceTree = "<group>";
		};
		6F9B9400234627B400A737A9 = {
			isa = PBXGroup;
			children = (
				6F9B940B234627B500A737A9 /* PracticeSwiftUI */,
				6F9B9422234627BC00A737A9 /* PracticeSwiftUITests */,
				6F9B942D234627BC00A737A9 /* PracticeSwiftUIUITests */,
				6F9B940A234627B500A737A9 /* Products */,
			);
			sourceTree = "<group>";
		};
		6F9B940A234627B500A737A9 /* Products */ = {
			isa = PBXGroup;
			children = (
				6F9B9409234627B500A737A9 /* PracticeSwiftUI.app */,
				6F9B941F234627BC00A737A9 /* PracticeSwiftUITests.xctest */,
				6F9B942A234627BC00A737A9 /* PracticeSwiftUIUITests.xctest */,
			);
			name = Products;
			sourceTree = "<group>";
		};
		6F9B940B234627B500A737A9 /* PracticeSwiftUI */ = {
			isa = PBXGroup;
			children = (
				6F13FF2F235F2B650040461A /* View */,
				6F9B940C234627B500A737A9 /* AppDelegate.swift */,
				6F9B940E234627B500A737A9 /* SceneDelegate.swift */,
				6F9B9412234627BC00A737A9 /* Assets.xcassets */,
				6F9B9417234627BC00A737A9 /* LaunchScreen.storyboard */,
				6F9B941A234627BC00A737A9 /* Info.plist */,
				6F9B9414234627BC00A737A9 /* Preview Content */,
			);
			path = PracticeSwiftUI;
			sourceTree = "<group>";
		};
		6F9B9414234627BC00A737A9 /* Preview Content */ = {
			isa = PBXGroup;
			children = (
				6F9B9415234627BC00A737A9 /* Preview Assets.xcassets */,
			);
			path = "Preview Content";
			sourceTree = "<group>";
		};
		6F9B9422234627BC00A737A9 /* PracticeSwiftUITests */ = {
			isa = PBXGroup;
			children = (
				6F9B9423234627BC00A737A9 /* PracticeSwiftUITests.swift */,
				6F9B9425234627BC00A737A9 /* Info.plist */,
			);
			path = PracticeSwiftUITests;
			sourceTree = "<group>";
		};
		6F9B942D234627BC00A737A9 /* PracticeSwiftUIUITests */ = {
			isa = PBXGroup;
			children = (
				6F9B942E234627BC00A737A9 /* PracticeSwiftUIUITests.swift */,
				6F9B9430234627BC00A737A9 /* Info.plist */,
			);
			path = PracticeSwiftUIUITests;
			sourceTree = "<group>";
		};
/* End PBXGroup section */

/* Begin PBXNativeTarget section */
		6F9B9408234627B500A737A9 /* PracticeSwiftUI */ = {
			isa = PBXNativeTarget;
			buildConfigurationList = 6F9B9433234627BC00A737A9 /* Build configuration list for PBXNativeTarget "PracticeSwiftUI" */;
			buildPhases = (
				6F9B9405234627B500A737A9 /* Sources */,
				6F9B9406234627B500A737A9 /* Frameworks */,
				6F9B9407234627B500A737A9 /* Resources */,
			);
			buildRules = (
			);
			dependencies = (
			);
			name = PracticeSwiftUI;
			productName = PracticeSwiftUI;
			productReference = 6F9B9409234627B500A737A9 /* PracticeSwiftUI.app */;
			productType = "com.apple.product-type.application";
		};
		6F9B941E234627BC00A737A9 /* PracticeSwiftUITests */ = {
			isa = PBXNativeTarget;
			buildConfigurationList = 6F9B9436234627BC00A737A9 /* Build configuration list for PBXNativeTarget "PracticeSwiftUITests" */;
			buildPhases = (
				6F9B941B234627BC00A737A9 /* Sources */,
				6F9B941C234627BC00A737A9 /* Frameworks */,
				6F9B941D234627BC00A737A9 /* Resources */,
			);
			buildRules = (
			);
			dependencies = (
				6F9B9421234627BC00A737A9 /* PBXTargetDependency */,
			);
			name = PracticeSwiftUITests;
			productName = PracticeSwiftUITests;
			productReference = 6F9B941F234627BC00A737A9 /* PracticeSwiftUITests.xctest */;
			productType = "com.apple.product-type.bundle.unit-test";
		};
		6F9B9429234627BC00A737A9 /* PracticeSwiftUIUITests */ = {
			isa = PBXNativeTarget;
			buildConfigurationList = 6F9B9439234627BC00A737A9 /* Build configuration list for PBXNativeTarget "PracticeSwiftUIUITests" */;
			buildPhases = (
				6F9B9426234627BC00A737A9 /* Sources */,
				6F9B9427234627BC00A737A9 /* Frameworks */,
				6F9B9428234627BC00A737A9 /* Resources */,
			);
			buildRules = (
			);
			dependencies = (
				6F9B942C234627BC00A737A9 /* PBXTargetDependency */,
			);
			name = PracticeSwiftUIUITests;
			productName = PracticeSwiftUIUITests;
			productReference = 6F9B942A234627BC00A737A9 /* PracticeSwiftUIUITests.xctest */;
			productType = "com.apple.product-type.bundle.ui-testing";
		};
/* End PBXNativeTarget section */

/* Begin PBXProject section */
		6F9B9401234627B400A737A9 /* Project object */ = {
			isa = PBXProject;
			attributes = {
				LastSwiftUpdateCheck = 1100;
				LastUpgradeCheck = 1100;
				ORGANIZATIONNAME = "yoshiki-t";
				TargetAttributes = {
					6F9B9408234627B500A737A9 = {
						CreatedOnToolsVersion = 11.0;
					};
					6F9B941E234627BC00A737A9 = {
						CreatedOnToolsVersion = 11.0;
						TestTargetID = 6F9B9408234627B500A737A9;
					};
					6F9B9429234627BC00A737A9 = {
						CreatedOnToolsVersion = 11.0;
						TestTargetID = 6F9B9408234627B500A737A9;
					};
				};
			};
			buildConfigurationList = 6F9B9404234627B400A737A9 /* Build configuration list for PBXProject "PracticeSwiftUI" */;
			compatibilityVersion = "Xcode 11.0";
			developmentRegion = en;
			hasScannedForEncodings = 0;
			knownRegions = (
				en,
				Base,
			);
			mainGroup = 6F9B9400234627B400A737A9;
			productRefGroup = 6F9B940A234627B500A737A9 /* Products */;
			projectDirPath = "";
			projectRoot = "";
			targets = (
				6F9B9408234627B500A737A9 /* PracticeSwiftUI */,
				6F9B941E234627BC00A737A9 /* PracticeSwiftUITests */,
				6F9B9429234627BC00A737A9 /* PracticeSwiftUIUITests */,
			);
		};
/* End PBXProject section */

/* Begin PBXResourcesBuildPhase section */
		6F9B9407234627B500A737A9 /* Resources */ = {
			isa = PBXResourcesBuildPhase;
			buildActionMask = 2147483647;
			files = (
				6F9B9419234627BC00A737A9 /* LaunchScreen.storyboard in Resources */,
				6F9B9416234627BC00A737A9 /* Preview Assets.xcassets in Resources */,
				6F9B9413234627BC00A737A9 /* Assets.xcassets in Resources */,
			);
			runOnlyForDeploymentPostprocessing = 0;
		};
		6F9B941D234627BC00A737A9 /* Resources */ = {
			isa = PBXResourcesBuildPhase;
			buildActionMask = 2147483647;
			files = (
			);
			runOnlyForDeploymentPostprocessing = 0;
		};
		6F9B9428234627BC00A737A9 /* Resources */ = {
			isa = PBXResourcesBuildPhase;
			buildActionMask = 2147483647;
			files = (
			);
			runOnlyForDeploymentPostprocessing = 0;
		};
/* End PBXResourcesBuildPhase section */

/* Begin PBXSourcesBuildPhase section */
		6F9B9405234627B500A737A9 /* Sources */ = {
			isa = PBXSourcesBuildPhase;
			buildActionMask = 2147483647;
			files = (
				6F13FF31235F2B980040461A /* TestView.swift in Sources */,
				6F9B940D234627B500A737A9 /* AppDelegate.swift in Sources */,
				6F9ABDF4235F31AE00F457AD /* ButtonView.swift in Sources */,
				6F9B940F234627B500A737A9 /* SceneDelegate.swift in Sources */,
				6F9B9411234627B500A737A9 /* ContentView.swift in Sources */,
				6FF9A5012361D3FA009F7DEE /* CustomSheetView.swift in Sources */,
			);
			runOnlyForDeploymentPostprocessing = 0;
		};
		6F9B941B234627BC00A737A9 /* Sources */ = {
			isa = PBXSourcesBuildPhase;
			buildActionMask = 2147483647;
			files = (
				6F9B9424234627BC00A737A9 /* PracticeSwiftUITests.swift in Sources */,
			);
			runOnlyForDeploymentPostprocessing = 0;
		};
		6F9B9426234627BC00A737A9 /* Sources */ = {
			isa = PBXSourcesBuildPhase;
			buildActionMask = 2147483647;
			files = (
				6F9B942F234627BC00A737A9 /* PracticeSwiftUIUITests.swift in Sources */,
			);
			runOnlyForDeploymentPostprocessing = 0;
		};
/* End PBXSourcesBuildPhase section */

/* Begin PBXTargetDependency section */
		6F9B9421234627BC00A737A9 /* PBXTargetDependency */ = {
			isa = PBXTargetDependency;
			target = 6F9B9408234627B500A737A9 /* PracticeSwiftUI */;
			targetProxy = 6F9B9420234627BC00A737A9 /* PBXContainerItemProxy */;
		};
		6F9B942C234627BC00A737A9 /* PBXTargetDependency */ = {
			isa = PBXTargetDependency;
			target = 6F9B9408234627B500A737A9 /* PracticeSwiftUI */;
			targetProxy = 6F9B942B234627BC00A737A9 /* PBXContainerItemProxy */;
		};
/* End PBXTargetDependency section */

/* Begin PBXVariantGroup section */
		6F9B9417234627BC00A737A9 /* LaunchScreen.storyboard */ = {
			isa = PBXVariantGroup;
			children = (
				6F9B9418234627BC00A737A9 /* Base */,
			);
			name = LaunchScreen.storyboard;
			sourceTree = "<group>";
		};
/* End PBXVariantGroup section */

/* Begin XCBuildConfiguration section */
		6F9B9431234627BC00A737A9 /* Debug */ = {
			isa = XCBuildConfiguration;
			buildSettings = {
				ALWAYS_SEARCH_USER_PATHS = NO;
				CLANG_ANALYZER_NONNULL = YES;
				CLANG_ANALYZER_NUMBER_OBJECT_CONVERSION = YES_AGGRESSIVE;
				CLANG_CXX_LANGUAGE_STANDARD = "gnu++14";
				CLANG_CXX_LIBRARY = "libc++";
				CLANG_ENABLE_MODULES = YES;
				CLANG_ENABLE_OBJC_ARC = YES;
				CLANG_ENABLE_OBJC_WEAK = YES;
				CLANG_WARN_BLOCK_CAPTURE_AUTORELEASING = YES;
				CLANG_WARN_BOOL_CONVERSION = YES;
				CLANG_WARN_COMMA = YES;
				CLANG_WARN_CONSTANT_CONVERSION = YES;
				CLANG_WARN_DEPRECATED_OBJC_IMPLEMENTATIONS = YES;
				CLANG_WARN_DIRECT_OBJC_ISA_USAGE = YES_ERROR;
				CLANG_WARN_DOCUMENTATION_COMMENTS = YES;
				CLANG_WARN_EMPTY_BODY = YES;
				CLANG_WARN_ENUM_CONVERSION = YES;
				CLANG_WARN_INFINITE_RECURSION = YES;
				CLANG_WARN_INT_CONVERSION = YES;
				CLANG_WARN_NON_LITERAL_NULL_CONVERSION = YES;
				CLANG_WARN_OBJC_IMPLICIT_RETAIN_SELF = YES;
				CLANG_WARN_OBJC_LITERAL_CONVERSION = YES;
				CLANG_WARN_OBJC_ROOT_CLASS = YES_ERROR;
				CLANG_WARN_RANGE_LOOP_ANALYSIS = YES;
				CLANG_WARN_STRICT_PROTOTYPES = YES;
				CLANG_WARN_SUSPICIOUS_MOVE = YES;
				CLANG_WARN_UNGUARDED_AVAILABILITY = YES_AGGRESSIVE;
				CLANG_WARN_UNREACHABLE_CODE = YES;
				CLANG_WARN__DUPLICATE_METHOD_MATCH = YES;
				COPY_PHASE_STRIP = NO;
				DEBUG_INFORMATION_FORMAT = dwarf;
				ENABLE_STRICT_OBJC_MSGSEND = YES;
				ENABLE_TESTABILITY = YES;
				GCC_C_LANGUAGE_STANDARD = gnu11;
				GCC_DYNAMIC_NO_PIC = NO;
				GCC_NO_COMMON_BLOCKS = YES;
				GCC_OPTIMIZATION_LEVEL = 0;
				GCC_PREPROCESSOR_DEFINITIONS = (
					"DEBUG=1",
					"$(inherited)",
				);
				GCC_WARN_64_TO_32_BIT_CONVERSION = YES;
				GCC_WARN_ABOUT_RETURN_TYPE = YES_ERROR;
				GCC_WARN_UNDECLARED_SELECTOR = YES;
				GCC_WARN_UNINITIALIZED_AUTOS = YES_AGGRESSIVE;
				GCC_WARN_UNUSED_FUNCTION = YES;
				GCC_WARN_UNUSED_VARIABLE = YES;
				IPHONEOS_DEPLOYMENT_TARGET = 13.0;
				MTL_ENABLE_DEBUG_INFO = INCLUDE_SOURCE;
				MTL_FAST_MATH = YES;
				ONLY_ACTIVE_ARCH = YES;
				SDKROOT = iphoneos;
				SWIFT_ACTIVE_COMPILATION_CONDITIONS = DEBUG;
				SWIFT_OPTIMIZATION_LEVEL = "-Onone";
			};
			name = Debug;
		};
		6F9B9432234627BC00A737A9 /* Release */ = {
			isa = XCBuildConfiguration;
			buildSettings = {
				ALWAYS_SEARCH_USER_PATHS = NO;
				CLANG_ANALYZER_NONNULL = YES;
				CLANG_ANALYZER_NUMBER_OBJECT_CONVERSION = YES_AGGRESSIVE;
				CLANG_CXX_LANGUAGE_STANDARD = "gnu++14";
				CLANG_CXX_LIBRARY = "libc++";
				CLANG_ENABLE_MODULES = YES;
				CLANG_ENABLE_OBJC_ARC = YES;
				CLANG_ENABLE_OBJC_WEAK = YES;
				CLANG_WARN_BLOCK_CAPTURE_AUTORELEASING = YES;
				CLANG_WARN_BOOL_CONVERSION = YES;
				CLANG_WARN_COMMA = YES;
				CLANG_WARN_CONSTANT_CONVERSION = YES;
				CLANG_WARN_DEPRECATED_OBJC_IMPLEMENTATIONS = YES;
				CLANG_WARN_DIRECT_OBJC_ISA_USAGE = YES_ERROR;
				CLANG_WARN_DOCUMENTATION_COMMENTS = YES;
				CLANG_WARN_EMPTY_BODY = YES;
				CLANG_WARN_ENUM_CONVERSION = YES;
				CLANG_WARN_INFINITE_RECURSION = YES;
				CLANG_WARN_INT_CONVERSION = YES;
				CLANG_WARN_NON_LITERAL_NULL_CONVERSION = YES;
				CLANG_WARN_OBJC_IMPLICIT_RETAIN_SELF = YES;
				CLANG_WARN_OBJC_LITERAL_CONVERSION = YES;
				CLANG_WARN_OBJC_ROOT_CLASS = YES_ERROR;
				CLANG_WARN_RANGE_LOOP_ANALYSIS = YES;
				CLANG_WARN_STRICT_PROTOTYPES = YES;
				CLANG_WARN_SUSPICIOUS_MOVE = YES;
				CLANG_WARN_UNGUARDED_AVAILABILITY = YES_AGGRESSIVE;
				CLANG_WARN_UNREACHABLE_CODE = YES;
				CLANG_WARN__DUPLICATE_METHOD_MATCH = YES;
				COPY_PHASE_STRIP = NO;
				DEBUG_INFORMATION_FORMAT = "dwarf-with-dsym";
				ENABLE_NS_ASSERTIONS = NO;
				ENABLE_STRICT_OBJC_MSGSEND = YES;
				GCC_C_LANGUAGE_STANDARD = gnu11;
				GCC_NO_COMMON_BLOCKS = YES;
				GCC_WARN_64_TO_32_BIT_CONVERSION = YES;
				GCC_WARN_ABOUT_RETURN_TYPE = YES_ERROR;
				GCC_WARN_UNDECLARED_SELECTOR = YES;
				GCC_WARN_UNINITIALIZED_AUTOS = YES_AGGRESSIVE;
				GCC_WARN_UNUSED_FUNCTION = YES;
				GCC_WARN_UNUSED_VARIABLE = YES;
				IPHONEOS_DEPLOYMENT_TARGET = 13.0;
				MTL_ENABLE_DEBUG_INFO = NO;
				MTL_FAST_MATH = YES;
				SDKROOT = iphoneos;
				SWIFT_COMPILATION_MODE = wholemodule;
				SWIFT_OPTIMIZATION_LEVEL = "-O";
				VALIDATE_PRODUCT = YES;
			};
			name = Release;
		};
		6F9B9434234627BC00A737A9 /* Debug */ = {
			isa = XCBuildConfiguration;
			buildSettings = {
				ASSETCATALOG_COMPILER_APPICON_NAME = AppIcon;
				CODE_SIGN_STYLE = Automatic;
				DEVELOPMENT_ASSET_PATHS = "\"PracticeSwiftUI/Preview Content\"";
				DEVELOPMENT_TEAM = TDK24MYJKX;
				ENABLE_PREVIEWS = YES;
				INFOPLIST_FILE = PracticeSwiftUI/Info.plist;
				LD_RUNPATH_SEARCH_PATHS = (
					"$(inherited)",
					"@executable_path/Frameworks",
				);
				PRODUCT_BUNDLE_IDENTIFIER = "com.gmail-yoshiki.tx12252812.PracticeSwiftUI";
				PRODUCT_NAME = "$(TARGET_NAME)";
				SWIFT_VERSION = 5.0;
				TARGETED_DEVICE_FAMILY = "1,2";
			};
			name = Debug;
		};
		6F9B9435234627BC00A737A9 /* Release */ = {
			isa = XCBuildConfiguration;
			buildSettings = {
				ASSETCATALOG_COMPILER_APPICON_NAME = AppIcon;
				CODE_SIGN_STYLE = Automatic;
				DEVELOPMENT_ASSET_PATHS = "\"PracticeSwiftUI/Preview Content\"";
				DEVELOPMENT_TEAM = TDK24MYJKX;
				ENABLE_PREVIEWS = YES;
				INFOPLIST_FILE = PracticeSwiftUI/Info.plist;
				LD_RUNPATH_SEARCH_PATHS = (
					"$(inherited)",
					"@executable_path/Frameworks",
				);
				PRODUCT_BUNDLE_IDENTIFIER = "com.gmail-yoshiki.tx12252812.PracticeSwiftUI";
				PRODUCT_NAME = "$(TARGET_NAME)";
				SWIFT_VERSION = 5.0;
				TARGETED_DEVICE_FAMILY = "1,2";
			};
			name = Release;
		};
		6F9B9437234627BC00A737A9 /* Debug */ = {
			isa = XCBuildConfiguration;
			buildSettings = {
				ALWAYS_EMBED_SWIFT_STANDARD_LIBRARIES = YES;
				BUNDLE_LOADER = "$(TEST_HOST)";
				CODE_SIGN_STYLE = Automatic;
				DEVELOPMENT_TEAM = TDK24MYJKX;
				INFOPLIST_FILE = PracticeSwiftUITests/Info.plist;
				IPHONEOS_DEPLOYMENT_TARGET = 13.0;
				LD_RUNPATH_SEARCH_PATHS = (
					"$(inherited)",
					"@executable_path/Frameworks",
					"@loader_path/Frameworks",
				);
				PRODUCT_BUNDLE_IDENTIFIER = "com.gmail-yoshiki.tx12252812.PracticeSwiftUITests";
				PRODUCT_NAME = "$(TARGET_NAME)";
				SWIFT_VERSION = 5.0;
				TARGETED_DEVICE_FAMILY = "1,2";
				TEST_HOST = "$(BUILT_PRODUCTS_DIR)/PracticeSwiftUI.app/PracticeSwiftUI";
			};
			name = Debug;
		};
		6F9B9438234627BC00A737A9 /* Release */ = {
			isa = XCBuildConfiguration;
			buildSettings = {
				ALWAYS_EMBED_SWIFT_STANDARD_LIBRARIES = YES;
				BUNDLE_LOADER = "$(TEST_HOST)";
				CODE_SIGN_STYLE = Automatic;
				DEVELOPMENT_TEAM = TDK24MYJKX;
				INFOPLIST_FILE = PracticeSwiftUITests/Info.plist;
				IPHONEOS_DEPLOYMENT_TARGET = 13.0;
				LD_RUNPATH_SEARCH_PATHS = (
					"$(inherited)",
					"@executable_path/Frameworks",
					"@loader_path/Frameworks",
				);
				PRODUCT_BUNDLE_IDENTIFIER = "com.gmail-yoshiki.tx12252812.PracticeSwiftUITests";
				PRODUCT_NAME = "$(TARGET_NAME)";
				SWIFT_VERSION = 5.0;
				TARGETED_DEVICE_FAMILY = "1,2";
				TEST_HOST = "$(BUILT_PRODUCTS_DIR)/PracticeSwiftUI.app/PracticeSwiftUI";
			};
			name = Release;
		};
		6F9B943A234627BC00A737A9 /* Debug */ = {
			isa = XCBuildConfiguration;
			buildSettings = {
				ALWAYS_EMBED_SWIFT_STANDARD_LIBRARIES = YES;
				CODE_SIGN_STYLE = Automatic;
				DEVELOPMENT_TEAM = TDK24MYJKX;
				INFOPLIST_FILE = PracticeSwiftUIUITests/Info.plist;
				LD_RUNPATH_SEARCH_PATHS = (
					"$(inherited)",
					"@executable_path/Frameworks",
					"@loader_path/Frameworks",
				);
				PRODUCT_BUNDLE_IDENTIFIER = "com.gmail-yoshiki.tx12252812.PracticeSwiftUIUITests";
				PRODUCT_NAME = "$(TARGET_NAME)";
				SWIFT_VERSION = 5.0;
				TARGETED_DEVICE_FAMILY = "1,2";
				TEST_TARGET_NAME = PracticeSwiftUI;
			};
			name = Debug;
		};
		6F9B943B234627BC00A737A9 /* Release */ = {
			isa = XCBuildConfiguration;
			buildSettings = {
				ALWAYS_EMBED_SWIFT_STANDARD_LIBRARIES = YES;
				CODE_SIGN_STYLE = Automatic;
				DEVELOPMENT_TEAM = TDK24MYJKX;
				INFOPLIST_FILE = PracticeSwiftUIUITests/Info.plist;
				LD_RUNPATH_SEARCH_PATHS = (
					"$(inherited)",
					"@executable_path/Frameworks",
					"@loader_path/Frameworks",
				);
				PRODUCT_BUNDLE_IDENTIFIER = "com.gmail-yoshiki.tx12252812.PracticeSwiftUIUITests";
				PRODUCT_NAME = "$(TARGET_NAME)";
				SWIFT_VERSION = 5.0;
				TARGETED_DEVICE_FAMILY = "1,2";
				TEST_TARGET_NAME = PracticeSwiftUI;
			};
			name = Release;
		};
/* End XCBuildConfiguration section */

/* Begin XCConfigurationList section */
		6F9B9404234627B400A737A9 /* Build configuration list for PBXProject "PracticeSwiftUI" */ = {
			isa = XCConfigurationList;
			buildConfigurations = (
				6F9B9431234627BC00A737A9 /* Debug */,
				6F9B9432234627BC00A737A9 /* Release */,
			);
			defaultConfigurationIsVisible = 0;
			defaultConfigurationName = Release;
		};
		6F9B9433234627BC00A737A9 /* Build configuration list for PBXNativeTarget "PracticeSwiftUI" */ = {
			isa = XCConfigurationList;
			buildConfigurations = (
				6F9B9434234627BC00A737A9 /* Debug */,
				6F9B9435234627BC00A737A9 /* Release */,
			);
			defaultConfigurationIsVisible = 0;
			defaultConfigurationName = Release;
		};
		6F9B9436234627BC00A737A9 /* Build configuration list for PBXNativeTarget "PracticeSwiftUITests" */ = {
			isa = XCConfigurationList;
			buildConfigurations = (
				6F9B9437234627BC00A737A9 /* Debug */,
				6F9B9438234627BC00A737A9 /* Release */,
			);
			defaultConfigurationIsVisible = 0;
			defaultConfigurationName = Release;
		};
		6F9B9439234627BC00A737A9 /* Build configuration list for PBXNativeTarget "PracticeSwiftUIUITests" */ = {
			isa = XCConfigurationList;
			buildConfigurations = (
				6F9B943A234627BC00A737A9 /* Debug */,
				6F9B943B234627BC00A737A9 /* Release */,
			);
			defaultConfigurationIsVisible = 0;
			defaultConfigurationName = Release;
		};
/* End XCConfigurationList section */
	};
	rootObject = 6F9B9401234627B400A737A9 /* Project object */;
}
